
Microsoft Visual Studio Solution File, Format Version 12.00
# Visual Studio Version 17
VisualStudioVersion = 17.7.34202.233
MinimumVisualStudioVersion = 10.0.40219.1
Project("{FAE04EC0-301F-11D3-BF4B-00C04F79EFBC}") = "bmcdani_c971_task", "bmcdani_c971_task\bmcdani_c971_task.csproj", "{AE0BF67B-0172-43EF-88FA-5EDA7F75CB5C}"
EndProject
Global
	GlobalSection(SolutionConfigurationPlatforms) = preSolution
		Debug|Any CPU = Debug|Any CPU
		Release|Any CPU = Release|Any CPU
	EndGlobalSection
	GlobalSection(ProjectConfigurationPlatforms) = postSolution
		{AE0BF67B-0172-43EF-88FA-5EDA7F75CB5C}.Debug|Any CPU.ActiveCfg = Debug|Any CPU
		{AE0BF67B-0172-43EF-88FA-5EDA7F75CB5C}.Debug|Any CPU.Build.0 = Debug|Any CPU
		{AE0BF67B-0172-43EF-88FA-5EDA7F75CB5C}.Debug|Any CPU.Deploy.0 = Debug|Any CPU
		{AE0BF67B-0172-43EF-88FA-5EDA7F75CB5C}.Release|Any CPU.ActiveCfg = Release|Any CPU
		{AE0BF67B-0172-43EF-88FA-5EDA7F75CB5C}.Release|Any CPU.Build.0 = Release|Any CPU
		{AE0BF67B-0172-43EF-88FA-5EDA7F75CB5C}.Release|Any CPU.Deploy.0 = Release|Any CPU
	EndGlobalSection
	GlobalSection(SolutionProperties) = preSolution
		HideSolutionNode = FALSE
	EndGlobalSection
	GlobalSection(ExtensibilityGlobals) = postSolution
		SolutionGuid = {AFD53127-329B-4520-AE50-A26980B11862}
	EndGlobalSection
EndGlobal
